{
  "nodes": {
    "nixpkgs": {
      "locked": {
        "lastModified": 1744917357,
        "narHash": "sha256-1Sj8MToixDwakJYNMYBS/PYbg8Oa4CAxreXraMHB5qg=",
        "rev": "1eae3268880484be84199bdb77941c09bb4a97ba",
        "revCount": 717135,
        "type": "tarball",
        "url": "https://api.flakehub.com/f/pinned/NixOS/nixpkgs/0.2411.717135%2Brev-1eae3268880484be84199bdb77941c09bb4a97ba/01965fd9-8b48-7214-823d-3f3522644422/source.tar.gz"
      },
      "original": {
        "type": "tarball",
        "url": "https://flakehub.com/f/NixOS/nixpkgs/0.2411.%2A"
      }
    },
    "root": {
      "inputs": {
        "nixpkgs": "nixpkgs"
      }
    }
  },
  "root": "root",
  "version": 7
}
